
Microsoft Visual Studio Solution File, Format Version 12.00
# Visual Studio 2013
VisualStudioVersion = 12.0.21005.1
MinimumVisualStudioVersion = 10.0.40219.1
Project("{F2A71F9B-5D33-465A-A702-920D77279786}") = "Hexic", "Hexic\Hexic.fsproj", "{4C386660-EADD-4A46-92E1-2D8D79EEC345}"
EndProject
Global
	GlobalSection(SolutionConfigurationPlatforms) = preSolution
		Debug|Any CPU = Debug|Any CPU
		Release|Any CPU = Release|Any CPU
	EndGlobalSection
	GlobalSection(ProjectConfigurationPlatforms) = postSolution
		{4C386660-EADD-4A46-92E1-2D8D79EEC345}.Debug|Any CPU.ActiveCfg = Debug|Any CPU
		{4C386660-EADD-4A46-92E1-2D8D79EEC345}.Debug|Any CPU.Build.0 = Debug|Any CPU
		{4C386660-EADD-4A46-92E1-2D8D79EEC345}.Release|Any CPU.ActiveCfg = Release|Any CPU
		{4C386660-EADD-4A46-92E1-2D8D79EEC345}.Release|Any CPU.Build.0 = Release|Any CPU
	EndGlobalSection
	GlobalSection(SolutionProperties) = preSolution
		HideSolutionNode = FALSE
	EndGlobalSection
EndGlobal
